
Microsoft Visual Studio Solution File, Format Version 12.00
# Visual Studio Version 17
VisualStudioVersion = 17.9.34723.18
MinimumVisualStudioVersion = 10.0.40219.1
Project("{FAE04EC0-301F-11D3-BF4B-00C04F79EFBC}") = "ChatServer", "ChatServer\ChatServer.csproj", "{30AF6C33-2A3C-45A6-B115-13EF78B275DC}"
EndProject
Project("{FAE04EC0-301F-11D3-BF4B-00C04F79EFBC}") = "ChatClient", "ChatClient\ChatClient.csproj", "{05CE1029-6457-4DB9-914F-2F75EE7DD977}"
EndProject
Global
	GlobalSection(SolutionConfigurationPlatforms) = preSolution
		Debug|Any CPU = Debug|Any CPU
		Release|Any CPU = Release|Any CPU
	EndGlobalSection
	GlobalSection(ProjectConfigurationPlatforms) = postSolution
		{30AF6C33-2A3C-45A6-B115-13EF78B275DC}.Debug|Any CPU.ActiveCfg = Debug|Any CPU
		{30AF6C33-2A3C-45A6-B115-13EF78B275DC}.Debug|Any CPU.Build.0 = Debug|Any CPU
		{30AF6C33-2A3C-45A6-B115-13EF78B275DC}.Release|Any CPU.ActiveCfg = Release|Any CPU
		{30AF6C33-2A3C-45A6-B115-13EF78B275DC}.Release|Any CPU.Build.0 = Release|Any CPU
		{05CE1029-6457-4DB9-914F-2F75EE7DD977}.Debug|Any CPU.ActiveCfg = Debug|Any CPU
		{05CE1029-6457-4DB9-914F-2F75EE7DD977}.Debug|Any CPU.Build.0 = Debug|Any CPU
		{05CE1029-6457-4DB9-914F-2F75EE7DD977}.Release|Any CPU.ActiveCfg = Release|Any CPU
		{05CE1029-6457-4DB9-914F-2F75EE7DD977}.Release|Any CPU.Build.0 = Release|Any CPU
	EndGlobalSection
	GlobalSection(SolutionProperties) = preSolution
		HideSolutionNode = FALSE
	EndGlobalSection
	GlobalSection(ExtensibilityGlobals) = postSolution
		SolutionGuid = {89864D44-1361-4659-A226-7BFCE0505DAE}
	EndGlobalSection
EndGlobal
